# THIS IS AN AUTOGENERATED FILE. DO NOT EDIT THIS FILE DIRECTLY.
# yarn lockfile v1


assemblyscript@^0.20.8:
  version "0.20.13"
  resolved "https://registry.yarnpkg.com/assemblyscript/-/assemblyscript-0.20.13.tgz#28da2a392172953610b0407c02ee0248b7c723e8"
  integrity sha512-F4ACXdBdXCBnPEzRCl/ovFFPGmKXQPvWW4cM6U21eRezaCoREqxA0hjSUOYTz7txY3MJclyBfjwMSEJ5e9HKsw==
  dependencies:
    binaryen "108.0.0-nightly.20220528"
    long "^5.2.0"

binaryen@108.0.0-nightly.20220528:
  version "108.0.0-nightly.20220528"
  resolved "https://registry.yarnpkg.com/binaryen/-/binaryen-108.0.0-nightly.20220528.tgz#55e50ec50dc3cded36ad02e68ec69eb69bbb1e7b"
  integrity sha512-9biG357fx3NXmJNotIuY9agZBcCNHP7d1mgOGaTlPYVHZE7/61lt1IyHCXAL+W5jUOYgmFZ260PR4IbD19RKuA==

long@^5.2.0:
  version "5.2.0"
  resolved "https://registry.yarnpkg.com/long/-/long-5.2.0.tgz#2696dadf4b4da2ce3f6f6b89186085d94d52fd61"
  integrity sha512-9RTUNjK60eJbx3uz+TEGF7fUr29ZDxR5QzXcyDpeSfeH28S9ycINflOgOlppit5U+4kNTe83KQnMEerw7GmE8w==
